
Microsoft Visual Studio Solution File, Format Version 11.00
# Visual C# Express 2010
Project("{FAE04EC0-301F-11D3-BF4B-00C04F79EFBC}") = "SoticeMeNenpai", "SoticeMeNenpai\SoticeMeNenpai\SoticeMeNenpai.csproj", "{4947AE92-EDF3-4CC9-A04D-09A1993471E1}"
EndProject
Project("{96E2B04D-8817-42C6-938A-82C39BA4D311}") = "SoticeMeNenpaiContent", "SoticeMeNenpai\SoticeMeNenpaiContent\SoticeMeNenpaiContent.contentproj", "{AD24ECF0-F138-4DC8-8460-57E38742A731}"
EndProject
Global
	GlobalSection(SolutionConfigurationPlatforms) = preSolution
		Debug|x86 = Debug|x86
		Release|x86 = Release|x86
	EndGlobalSection
	GlobalSection(ProjectConfigurationPlatforms) = postSolution
		{4947AE92-EDF3-4CC9-A04D-09A1993471E1}.Debug|x86.ActiveCfg = Debug|x86
		{4947AE92-EDF3-4CC9-A04D-09A1993471E1}.Debug|x86.Build.0 = Debug|x86
		{4947AE92-EDF3-4CC9-A04D-09A1993471E1}.Release|x86.ActiveCfg = Release|x86
		{4947AE92-EDF3-4CC9-A04D-09A1993471E1}.Release|x86.Build.0 = Release|x86
		{AD24ECF0-F138-4DC8-8460-57E38742A731}.Debug|x86.ActiveCfg = Debug|x86
		{AD24ECF0-F138-4DC8-8460-57E38742A731}.Release|x86.ActiveCfg = Release|x86
	EndGlobalSection
	GlobalSection(SolutionProperties) = preSolution
		HideSolutionNode = FALSE
	EndGlobalSection
EndGlobal
